
Microsoft Visual Studio Solution File, Format Version 12.00
# Visual Studio Version 17
VisualStudioVersion = 17.3.32825.248
MinimumVisualStudioVersion = 10.0.40219.1
Project("{FAE04EC0-301F-11D3-BF4B-00C04F79EFBC}") = "CaloriesDeterminationQA", "CaloriesDeterminationQA.csproj", "{6E569EE9-0935-4B71-863A-B58BB86C191B}"
EndProject
Global
	GlobalSection(SolutionConfigurationPlatforms) = preSolution
		Debug|Any CPU = Debug|Any CPU
		Release|Any CPU = Release|Any CPU
	EndGlobalSection
	GlobalSection(ProjectConfigurationPlatforms) = postSolution
		{6E569EE9-0935-4B71-863A-B58BB86C191B}.Debug|Any CPU.ActiveCfg = Debug|Any CPU
		{6E569EE9-0935-4B71-863A-B58BB86C191B}.Debug|Any CPU.Build.0 = Debug|Any CPU
		{6E569EE9-0935-4B71-863A-B58BB86C191B}.Release|Any CPU.ActiveCfg = Release|Any CPU
		{6E569EE9-0935-4B71-863A-B58BB86C191B}.Release|Any CPU.Build.0 = Release|Any CPU
	EndGlobalSection
	GlobalSection(SolutionProperties) = preSolution
		HideSolutionNode = FALSE
	EndGlobalSection
	GlobalSection(ExtensibilityGlobals) = postSolution
		SolutionGuid = {B75EA162-B6C2-41C4-BF48-EB5DF046C3E6}
	EndGlobalSection
EndGlobal
