
Microsoft Visual Studio Solution File, Format Version 12.00
# Visual Studio Version 17
VisualStudioVersion = 17.3.32825.248
MinimumVisualStudioVersion = 10.0.40219.1
Project("{FAE04EC0-301F-11D3-BF4B-00C04F79EFBC}") = "CarPortion", "CarPortion.csproj", "{48064BFA-D470-4981-AFA1-6D9B92A289F7}"
EndProject
Global
	GlobalSection(SolutionConfigurationPlatforms) = preSolution
		Debug|Any CPU = Debug|Any CPU
		Release|Any CPU = Release|Any CPU
	EndGlobalSection
	GlobalSection(ProjectConfigurationPlatforms) = postSolution
		{48064BFA-D470-4981-AFA1-6D9B92A289F7}.Debug|Any CPU.ActiveCfg = Debug|Any CPU
		{48064BFA-D470-4981-AFA1-6D9B92A289F7}.Debug|Any CPU.Build.0 = Debug|Any CPU
		{48064BFA-D470-4981-AFA1-6D9B92A289F7}.Release|Any CPU.ActiveCfg = Release|Any CPU
		{48064BFA-D470-4981-AFA1-6D9B92A289F7}.Release|Any CPU.Build.0 = Release|Any CPU
	EndGlobalSection
	GlobalSection(SolutionProperties) = preSolution
		HideSolutionNode = FALSE
	EndGlobalSection
	GlobalSection(ExtensibilityGlobals) = postSolution
		SolutionGuid = {0DD8AB91-77CA-42AD-8B32-9370718C739A}
	EndGlobalSection
EndGlobal
