
Microsoft Visual Studio Solution File, Format Version 12.00
# Visual Studio Version 17
VisualStudioVersion = 17.3.32825.248
MinimumVisualStudioVersion = 10.0.40219.1
Project("{FAE04EC0-301F-11D3-BF4B-00C04F79EFBC}") = "GasTest", "GasTest.csproj", "{D8F7BC32-730A-4DAC-B4A2-06C0CE73BE4D}"
EndProject
Global
	GlobalSection(SolutionConfigurationPlatforms) = preSolution
		Debug|Any CPU = Debug|Any CPU
		Release|Any CPU = Release|Any CPU
	EndGlobalSection
	GlobalSection(ProjectConfigurationPlatforms) = postSolution
		{D8F7BC32-730A-4DAC-B4A2-06C0CE73BE4D}.Debug|Any CPU.ActiveCfg = Debug|Any CPU
		{D8F7BC32-730A-4DAC-B4A2-06C0CE73BE4D}.Debug|Any CPU.Build.0 = Debug|Any CPU
		{D8F7BC32-730A-4DAC-B4A2-06C0CE73BE4D}.Release|Any CPU.ActiveCfg = Release|Any CPU
		{D8F7BC32-730A-4DAC-B4A2-06C0CE73BE4D}.Release|Any CPU.Build.0 = Release|Any CPU
	EndGlobalSection
	GlobalSection(SolutionProperties) = preSolution
		HideSolutionNode = FALSE
	EndGlobalSection
	GlobalSection(ExtensibilityGlobals) = postSolution
		SolutionGuid = {64F139E5-CCCB-4DF2-B191-515466AA88EE}
	EndGlobalSection
EndGlobal
