
Microsoft Visual Studio Solution File, Format Version 12.00
# Visual Studio Version 17
VisualStudioVersion = 17.3.32825.248
MinimumVisualStudioVersion = 10.0.40219.1
Project("{9A19103F-16F7-4668-BE54-9A1E7A4F7556}") = "CodeLouisvilleUnitTestProject", "CodeLouisvilleUnitTestProject.csproj", "{C036DADF-E59C-4952-97F1-791FB18E5C55}"
EndProject
Global
	GlobalSection(SolutionConfigurationPlatforms) = preSolution
		Debug|Any CPU = Debug|Any CPU
		Release|Any CPU = Release|Any CPU
	EndGlobalSection
	GlobalSection(ProjectConfigurationPlatforms) = postSolution
		{C036DADF-E59C-4952-97F1-791FB18E5C55}.Debug|Any CPU.ActiveCfg = Debug|Any CPU
		{C036DADF-E59C-4952-97F1-791FB18E5C55}.Debug|Any CPU.Build.0 = Debug|Any CPU
		{C036DADF-E59C-4952-97F1-791FB18E5C55}.Release|Any CPU.ActiveCfg = Release|Any CPU
		{C036DADF-E59C-4952-97F1-791FB18E5C55}.Release|Any CPU.Build.0 = Release|Any CPU
	EndGlobalSection
	GlobalSection(SolutionProperties) = preSolution
		HideSolutionNode = FALSE
	EndGlobalSection
	GlobalSection(ExtensibilityGlobals) = postSolution
		SolutionGuid = {5E8ECBDE-20E3-480A-A517-F502D8C33AB3}
	EndGlobalSection
EndGlobal
