
Microsoft Visual Studio Solution File, Format Version 12.00
# Visual Studio Version 17
VisualStudioVersion = 17.3.32825.248
MinimumVisualStudioVersion = 10.0.40219.1
Project("{FAE04EC0-301F-11D3-BF4B-00C04F79EFBC}") = "Vehicle", "Vehicle.csproj", "{93AD26C9-FAA5-4759-93EC-BFA313512E6B}"
EndProject
Project("{FAE04EC0-301F-11D3-BF4B-00C04F79EFBC}") = "CarConsonsoleApp", "..\ConsoleApp2\CarConsonsoleApp.csproj", "{58691865-1C6D-49E8-B3B5-1A8DDD82D05E}"
EndProject
Global
	GlobalSection(SolutionConfigurationPlatforms) = preSolution
		Debug|Any CPU = Debug|Any CPU
		Release|Any CPU = Release|Any CPU
	EndGlobalSection
	GlobalSection(ProjectConfigurationPlatforms) = postSolution
		{93AD26C9-FAA5-4759-93EC-BFA313512E6B}.Debug|Any CPU.ActiveCfg = Debug|Any CPU
		{93AD26C9-FAA5-4759-93EC-BFA313512E6B}.Debug|Any CPU.Build.0 = Debug|Any CPU
		{93AD26C9-FAA5-4759-93EC-BFA313512E6B}.Release|Any CPU.ActiveCfg = Release|Any CPU
		{93AD26C9-FAA5-4759-93EC-BFA313512E6B}.Release|Any CPU.Build.0 = Release|Any CPU
		{58691865-1C6D-49E8-B3B5-1A8DDD82D05E}.Debug|Any CPU.ActiveCfg = Debug|Any CPU
		{58691865-1C6D-49E8-B3B5-1A8DDD82D05E}.Debug|Any CPU.Build.0 = Debug|Any CPU
		{58691865-1C6D-49E8-B3B5-1A8DDD82D05E}.Release|Any CPU.ActiveCfg = Release|Any CPU
		{58691865-1C6D-49E8-B3B5-1A8DDD82D05E}.Release|Any CPU.Build.0 = Release|Any CPU
	EndGlobalSection
	GlobalSection(SolutionProperties) = preSolution
		HideSolutionNode = FALSE
	EndGlobalSection
	GlobalSection(ExtensibilityGlobals) = postSolution
		SolutionGuid = {A1584178-96B0-44E1-A3BA-1E362D0DD920}
	EndGlobalSection
EndGlobal
